
Microsoft Visual Studio Solution File, Format Version 12.00
# Visual Studio Version 17
VisualStudioVersion = 17.9.34902.65
MinimumVisualStudioVersion = 10.0.40219.1
Project("{FAE04EC0-301F-11D3-BF4B-00C04F79EFBC}") = "tournament", "tournament\tournament.csproj", "{1BC1068C-FE74-4C04-AB19-9EB9B74649A2}"
EndProject
Global
	GlobalSection(SolutionConfigurationPlatforms) = preSolution
		Debug|Any CPU = Debug|Any CPU
		Release|Any CPU = Release|Any CPU
	EndGlobalSection
	GlobalSection(ProjectConfigurationPlatforms) = postSolution
		{1BC1068C-FE74-4C04-AB19-9EB9B74649A2}.Debug|Any CPU.ActiveCfg = Debug|Any CPU
		{1BC1068C-FE74-4C04-AB19-9EB9B74649A2}.Debug|Any CPU.Build.0 = Debug|Any CPU
		{1BC1068C-FE74-4C04-AB19-9EB9B74649A2}.Release|Any CPU.ActiveCfg = Release|Any CPU
		{1BC1068C-FE74-4C04-AB19-9EB9B74649A2}.Release|Any CPU.Build.0 = Release|Any CPU
	EndGlobalSection
	GlobalSection(SolutionProperties) = preSolution
		HideSolutionNode = FALSE
	EndGlobalSection
	GlobalSection(ExtensibilityGlobals) = postSolution
		SolutionGuid = {89A9D493-4B67-4434-9065-DC9AADFEE60C}
	EndGlobalSection
EndGlobal
